// !$*UTF8*$!
{
	archiveVersion = 1;
	classes = {
	};
	objectVersion = 56;
	objects = {

/* Begin PBXBuildFile section */
		FE5192FA2989F4C1005FF98C /* AppDelegate.swift in Sources */ = {isa = PBXBuildFile; fileRef = FE5192F92989F4C1005FF98C /* AppDelegate.swift */; };
		FE5192FC2989F4C1005FF98C /* SceneDelegate.swift in Sources */ = {isa = PBXBuildFile; fileRef = FE5192FB2989F4C1005FF98C /* SceneDelegate.swift */; };
		FE5192FE2989F4C1005FF98C /* ViewController.swift in Sources */ = {isa = PBXBuildFile; fileRef = FE5192FD2989F4C1005FF98C /* ViewController.swift */; };
		FE5193012989F4C1005FF98C /* Main.storyboard in Resources */ = {isa = PBXBuildFile; fileRef = FE5192FF2989F4C1005FF98C /* Main.storyboard */; };
		FE5193032989F4C2005FF98C /* Assets.xcassets in Resources */ = {isa = PBXBuildFile; fileRef = FE5193022989F4C2005FF98C /* Assets.xcassets */; };
		FE5193062989F4C2005FF98C /* LaunchScreen.storyboard in Resources */ = {isa = PBXBuildFile; fileRef = FE5193042989F4C2005FF98C /* LaunchScreen.storyboard */; };
		FE5193112989F4C2005FF98C /* FirstAppTests.swift in Sources */ = {isa = PBXBuildFile; fileRef = FE5193102989F4C2005FF98C /* FirstAppTests.swift */; };
		FE51931B2989F4C2005FF98C /* FirstAppUITests.swift in Sources */ = {isa = PBXBuildFile; fileRef = FE51931A2989F4C2005FF98C /* FirstAppUITests.swift */; };
		FE51931D2989F4C2005FF98C /* FirstAppUITestsLaunchTests.swift in Sources */ = {isa = PBXBuildFile; fileRef = FE51931C2989F4C2005FF98C /* FirstAppUITestsLaunchTests.swift */; };
/* End PBXBuildFile section */

/* Begin PBXContainerItemProxy section */
		FE51930D2989F4C2005FF98C /* PBXContainerItemProxy */ = {
			isa = PBXContainerItemProxy;
			containerPortal = FE5192EE2989F4C1005FF98C /* Project object */;
			proxyType = 1;
			remoteGlobalIDString = FE5192F52989F4C1005FF98C;
			remoteInfo = FirstApp;
		};
		FE5193172989F4C2005FF98C /* PBXContainerItemProxy */ = {
			isa = PBXContainerItemProxy;
			containerPortal = FE5192EE2989F4C1005FF98C /* Project object */;
			proxyType = 1;
			remoteGlobalIDString = FE5192F52989F4C1005FF98C;
			remoteInfo = FirstApp;
		};
/* End PBXContainerItemProxy section */

/* Begin PBXFileReference section */
		FE5192F62989F4C1005FF98C /* FirstApp.app */ = {isa = PBXFileReference; explicitFileType = wrapper.application; includeInIndex = 0; path = FirstApp.app; sourceTree = BUILT_PRODUCTS_DIR; };
		FE5192F92989F4C1005FF98C /* AppDelegate.swift */ = {isa = PBXFileReference; lastKnownFileType = sourcecode.swift; path = AppDelegate.swift; sourceTree = "<group>"; };
		FE5192FB2989F4C1005FF98C /* SceneDelegate.swift */ = {isa = PBXFileReference; lastKnownFileType = sourcecode.swift; path = SceneDelegate.swift; sourceTree = "<group>"; };
		FE5192FD2989F4C1005FF98C /* ViewController.swift */ = {isa = PBXFileReference; lastKnownFileType = sourcecode.swift; path = ViewController.swift; sourceTree = "<group>"; };
		FE5193002989F4C1005FF98C /* Base */ = {isa = PBXFileReference; lastKnownFileType = file.storyboard; name = Base; path = Base.lproj/Main.storyboard; sourceTree = "<group>"; };
		FE5193022989F4C2005FF98C /* Assets.xcassets */ = {isa = PBXFileReference; lastKnownFileType = folder.assetcatalog; path = Assets.xcassets; sourceTree = "<group>"; };
		FE5193052989F4C2005FF98C /* Base */ = {isa = PBXFileReference; lastKnownFileType = file.storyboard; name = Base; path = Base.lproj/LaunchScreen.storyboard; sourceTree = "<group>"; };
		FE5193072989F4C2005FF98C /* Info.plist */ = {isa = PBXFileReference; lastKnownFileType = text.plist.xml; path = Info.plist; sourceTree = "<group>"; };
		FE51930C2989F4C2005FF98C /* FirstAppTests.xctest */ = {isa = PBXFileReference; explicitFileType = wrapper.cfbundle; includeInIndex = 0; path = FirstAppTests.xctest; sourceTree = BUILT_PRODUCTS_DIR; };
		FE5193102989F4C2005FF98C /* FirstAppTests.swift */ = {isa = PBXFileReference; lastKnownFileType = sourcecode.swift; path = FirstAppTests.swift; sourceTree = "<group>"; };
		FE5193162989F4C2005FF98C /* FirstAppUITests.xctest */ = {isa = PBXFileReference; explicitFileType = wrapper.cfbundle; includeInIndex = 0; path = FirstAppUITests.xctest; sourceTree = BUILT_PRODUCTS_DIR; };
		FE51931A2989F4C2005FF98C /* FirstAppUITests.swift */ = {isa = PBXFileReference; lastKnownFileType = sourcecode.swift; path = FirstAppUITests.swift; sourceTree = "<group>"; };
		FE51931C2989F4C2005FF98C /* FirstAppUITestsLaunchTests.swift */ = {isa = PBXFileReference; lastKnownFileType = sourcecode.swift; path = FirstAppUITestsLaunchTests.swift; sourceTree = "<group>"; };
/* End PBXFileReference section */

/* Begin PBXFrameworksBuildPhase section */
		FE5192F32989F4C1005FF98C /* Frameworks */ = {
			isa = PBXFrameworksBuildPhase;
			buildActionMask = 2147483647;
			files = (
			);
			runOnlyForDeploymentPostprocessing = 0;
		};
		FE5193092989F4C2005FF98C /* Frameworks */ = {
			isa = PBXFrameworksBuildPhase;
			buildActionMask = 2147483647;
			files = (
			);
			runOnlyForDeploymentPostprocessing = 0;
		};
		FE5193132989F4C2005FF98C /* Frameworks */ = {
			isa = PBXFrameworksBuildPhase;
			buildActionMask = 2147483647;
			files = (
			);
			runOnlyForDeploymentPostprocessing = 0;
		};
/* End PBXFrameworksBuildPhase section */

/* Begin PBXGroup section */
		FE5192ED2989F4C1005FF98C = {
			isa = PBXGroup;
			children = (
				FE5192F82989F4C1005FF98C /* FirstApp */,
				FE51930F2989F4C2005FF98C /* FirstAppTests */,
				FE5193192989F4C2005FF98C /* FirstAppUITests */,
				FE5192F72989F4C1005FF98C /* Products */,
			);
			sourceTree = "<group>";
		};
		FE5192F72989F4C1005FF98C /* Products */ = {
			isa = PBXGroup;
			children = (
				FE5192F62989F4C1005FF98C /* FirstApp.app */,
				FE51930C2989F4C2005FF98C /* FirstAppTests.xctest */,
				FE5193162989F4C2005FF98C /* FirstAppUITests.xctest */,
			);
			name = Products;
			sourceTree = "<group>";
		};
		FE5192F82989F4C1005FF98C /* FirstApp */ = {
			isa = PBXGroup;
			children = (
				FE5192F92989F4C1005FF98C /* AppDelegate.swift */,
				FE5192FB2989F4C1005FF98C /* SceneDelegate.swift */,
				FE5192FD2989F4C1005FF98C /* ViewController.swift */,
				FE5192FF2989F4C1005FF98C /* Main.storyboard */,
				FE5193022989F4C2005FF98C /* Assets.xcassets */,
				FE5193042989F4C2005FF98C /* LaunchScreen.storyboard */,
				FE5193072989F4C2005FF98C /* Info.plist */,
			);
			path = FirstApp;
			sourceTree = "<group>";
		};
		FE51930F2989F4C2005FF98C /* FirstAppTests */ = {
			isa = PBXGroup;
			children = (
				FE5193102989F4C2005FF98C /* FirstAppTests.swift */,
			);
			path = FirstAppTests;
			sourceTree = "<group>";
		};
		FE5193192989F4C2005FF98C /* FirstAppUITests */ = {
			isa = PBXGroup;
			children = (
				FE51931A2989F4C2005FF98C /* FirstAppUITests.swift */,
				FE51931C2989F4C2005FF98C /* FirstAppUITestsLaunchTests.swift */,
			);
			path = FirstAppUITests;
			sourceTree = "<group>";
		};
/* End PBXGroup section */

/* Begin PBXNativeTarget section */
		FE5192F52989F4C1005FF98C /* FirstApp */ = {
			isa = PBXNativeTarget;
			buildConfigurationList = FE5193202989F4C2005FF98C /* Build configuration list for PBXNativeTarget "FirstApp" */;
			buildPhases = (
				FE5192F22989F4C1005FF98C /* Sources */,
				FE5192F32989F4C1005FF98C /* Frameworks */,
				FE5192F42989F4C1005FF98C /* Resources */,
			);
			buildRules = (
			);
			dependencies = (
			);
			name = FirstApp;
			productName = FirstApp;
			productReference = FE5192F62989F4C1005FF98C /* FirstApp.app */;
			productType = "com.apple.product-type.application";
		};
		FE51930B2989F4C2005FF98C /* FirstAppTests */ = {
			isa = PBXNativeTarget;
			buildConfigurationList = FE5193232989F4C2005FF98C /* Build configuration list for PBXNativeTarget "FirstAppTests" */;
			buildPhases = (
				FE5193082989F4C2005FF98C /* Sources */,
				FE5193092989F4C2005FF98C /* Frameworks */,
				FE51930A2989F4C2005FF98C /* Resources */,
			);
			buildRules = (
			);
			dependencies = (
				FE51930E2989F4C2005FF98C /* PBXTargetDependency */,
			);
			name = FirstAppTests;
			productName = FirstAppTests;
			productReference = FE51930C2989F4C2005FF98C /* FirstAppTests.xctest */;
			productType = "com.apple.product-type.bundle.unit-test";
		};
		FE5193152989F4C2005FF98C /* FirstAppUITests */ = {
			isa = PBXNativeTarget;
			buildConfigurationList = FE5193262989F4C2005FF98C /* Build configuration list for PBXNativeTarget "FirstAppUITests" */;
			buildPhases = (
				FE5193122989F4C2005FF98C /* Sources */,
				FE5193132989F4C2005FF98C /* Frameworks */,
				FE5193142989F4C2005FF98C /* Resources */,
			);
			buildRules = (
			);
			dependencies = (
				FE5193182989F4C2005FF98C /* PBXTargetDependency */,
			);
			name = FirstAppUITests;
			productName = FirstAppUITests;
			productReference = FE5193162989F4C2005FF98C /* FirstAppUITests.xctest */;
			productType = "com.apple.product-type.bundle.ui-testing";
		};
/* End PBXNativeTarget section */

/* Begin PBXProject section */
		FE5192EE2989F4C1005FF98C /* Project object */ = {
			isa = PBXProject;
			attributes = {
				BuildIndependentTargetsInParallel = 1;
				LastSwiftUpdateCheck = 1410;
				LastUpgradeCheck = 1410;
				TargetAttributes = {
					FE5192F52989F4C1005FF98C = {
						CreatedOnToolsVersion = 14.1;
					};
					FE51930B2989F4C2005FF98C = {
						CreatedOnToolsVersion = 14.1;
						TestTargetID = FE5192F52989F4C1005FF98C;
					};
					FE5193152989F4C2005FF98C = {
						CreatedOnToolsVersion = 14.1;
						TestTargetID = FE5192F52989F4C1005FF98C;
					};
				};
			};
			buildConfigurationList = FE5192F12989F4C1005FF98C /* Build configuration list for PBXProject "FirstApp" */;
			compatibilityVersion = "Xcode 14.0";
			developmentRegion = en;
			hasScannedForEncodings = 0;
			knownRegions = (
				en,
				Base,
			);
			mainGroup = FE5192ED2989F4C1005FF98C;
			productRefGroup = FE5192F72989F4C1005FF98C /* Products */;
			projectDirPath = "";
			projectRoot = "";
			targets = (
				FE5192F52989F4C1005FF98C /* FirstApp */,
				FE51930B2989F4C2005FF98C /* FirstAppTests */,
				FE5193152989F4C2005FF98C /* FirstAppUITests */,
			);
		};
/* End PBXProject section */

/* Begin PBXResourcesBuildPhase section */
		FE5192F42989F4C1005FF98C /* Resources */ = {
			isa = PBXResourcesBuildPhase;
			buildActionMask = 2147483647;
			files = (
				FE5193062989F4C2005FF98C /* LaunchScreen.storyboard in Resources */,
				FE5193032989F4C2005FF98C /* Assets.xcassets in Resources */,
				FE5193012989F4C1005FF98C /* Main.storyboard in Resources */,
			);
			runOnlyForDeploymentPostprocessing = 0;
		};
		FE51930A2989F4C2005FF98C /* Resources */ = {
			isa = PBXResourcesBuildPhase;
			buildActionMask = 2147483647;
			files = (
			);
			runOnlyForDeploymentPostprocessing = 0;
		};
		FE5193142989F4C2005FF98C /* Resources */ = {
			isa = PBXResourcesBuildPhase;
			buildActionMask = 2147483647;
			files = (
			);
			runOnlyForDeploymentPostprocessing = 0;
		};
/* End PBXResourcesBuildPhase section */

/* Begin PBXSourcesBuildPhase section */
		FE5192F22989F4C1005FF98C /* Sources */ = {
			isa = PBXSourcesBuildPhase;
			buildActionMask = 2147483647;
			files = (
				FE5192FE2989F4C1005FF98C /* ViewController.swift in Sources */,
				FE5192FA2989F4C1005FF98C /* AppDelegate.swift in Sources */,
				FE5192FC2989F4C1005FF98C /* SceneDelegate.swift in Sources */,
			);
			runOnlyForDeploymentPostprocessing = 0;
		};
		FE5193082989F4C2005FF98C /* Sources */ = {
			isa = PBXSourcesBuildPhase;
			buildActionMask = 2147483647;
			files = (
				FE5193112989F4C2005FF98C /* FirstAppTests.swift in Sources */,
			);
			runOnlyForDeploymentPostprocessing = 0;
		};
		FE5193122989F4C2005FF98C /* Sources */ = {
			isa = PBXSourcesBuildPhase;
			buildActionMask = 2147483647;
			files = (
				FE51931D2989F4C2005FF98C /* FirstAppUITestsLaunchTests.swift in Sources */,
				FE51931B2989F4C2005FF98C /* FirstAppUITests.swift in Sources */,
			);
			runOnlyForDeploymentPostprocessing = 0;
		};
/* End PBXSourcesBuildPhase section */

/* Begin PBXTargetDependency section */
		FE51930E2989F4C2005FF98C /* PBXTargetDependency */ = {
			isa = PBXTargetDependency;
			target = FE5192F52989F4C1005FF98C /* FirstApp */;
			targetProxy = FE51930D2989F4C2005FF98C /* PBXContainerItemProxy */;
		};
		FE5193182989F4C2005FF98C /* PBXTargetDependency */ = {
			isa = PBXTargetDependency;
			target = FE5192F52989F4C1005FF98C /* FirstApp */;
			targetProxy = FE5193172989F4C2005FF98C /* PBXContainerItemProxy */;
		};
/* End PBXTargetDependency section */

/* Begin PBXVariantGroup section */
		FE5192FF2989F4C1005FF98C /* Main.storyboard */ = {
			isa = PBXVariantGroup;
			children = (
				FE5193002989F4C1005FF98C /* Base */,
			);
			name = Main.storyboard;
			sourceTree = "<group>";
		};
		FE5193042989F4C2005FF98C /* LaunchScreen.storyboard */ = {
			isa = PBXVariantGroup;
			children = (
				FE5193052989F4C2005FF98C /* Base */,
			);
			name = LaunchScreen.storyboard;
			sourceTree = "<group>";
		};
/* End PBXVariantGroup section */

/* Begin XCBuildConfiguration section */
		FE51931E2989F4C2005FF98C /* Debug */ = {
			isa = XCBuildConfiguration;
			buildSettings = {
				ALWAYS_SEARCH_USER_PATHS = NO;
				CLANG_ANALYZER_NONNULL = YES;
				CLANG_ANALYZER_NUMBER_OBJECT_CONVERSION = YES_AGGRESSIVE;
				CLANG_CXX_LANGUAGE_STANDARD = "gnu++20";
				CLANG_ENABLE_MODULES = YES;
				CLANG_ENABLE_OBJC_ARC = YES;
				CLANG_ENABLE_OBJC_WEAK = YES;
				CLANG_WARN_BLOCK_CAPTURE_AUTORELEASING = YES;
				CLANG_WARN_BOOL_CONVERSION = YES;
				CLANG_WARN_COMMA = YES;
				CLANG_WARN_CONSTANT_CONVERSION = YES;
				CLANG_WARN_DEPRECATED_OBJC_IMPLEMENTATIONS = YES;
				CLANG_WARN_DIRECT_OBJC_ISA_USAGE = YES_ERROR;
				CLANG_WARN_DOCUMENTATION_COMMENTS = YES;
				CLANG_WARN_EMPTY_BODY = YES;
				CLANG_WARN_ENUM_CONVERSION = YES;
				CLANG_WARN_INFINITE_RECURSION = YES;
				CLANG_WARN_INT_CONVERSION = YES;
				CLANG_WARN_NON_LITERAL_NULL_CONVERSION = YES;
				CLANG_WARN_OBJC_IMPLICIT_RETAIN_SELF = YES;
				CLANG_WARN_OBJC_LITERAL_CONVERSION = YES;
				CLANG_WARN_OBJC_ROOT_CLASS = YES_ERROR;
				CLANG_WARN_QUOTED_INCLUDE_IN_FRAMEWORK_HEADER = YES;
				CLANG_WARN_RANGE_LOOP_ANALYSIS = YES;
				CLANG_WARN_STRICT_PROTOTYPES = YES;
				CLANG_WARN_SUSPICIOUS_MOVE = YES;
				CLANG_WARN_UNGUARDED_AVAILABILITY = YES_AGGRESSIVE;
				CLANG_WARN_UNREACHABLE_CODE = YES;
				CLANG_WARN__DUPLICATE_METHOD_MATCH = YES;
				COPY_PHASE_STRIP = NO;
				DEBUG_INFORMATION_FORMAT = dwarf;
				ENABLE_STRICT_OBJC_MSGSEND = YES;
				ENABLE_TESTABILITY = YES;
				GCC_C_LANGUAGE_STANDARD = gnu11;
				GCC_DYNAMIC_NO_PIC = NO;
				GCC_NO_COMMON_BLOCKS = YES;
				GCC_OPTIMIZATION_LEVEL = 0;
				GCC_PREPROCESSOR_DEFINITIONS = (
					"DEBUG=1",
					"$(inherited)",
				);
				GCC_WARN_64_TO_32_BIT_CONVERSION = YES;
				GCC_WARN_ABOUT_RETURN_TYPE = YES_ERROR;
				GCC_WARN_UNDECLARED_SELECTOR = YES;
				GCC_WARN_UNINITIALIZED_AUTOS = YES_AGGRESSIVE;
				GCC_WARN_UNUSED_FUNCTION = YES;
				GCC_WARN_UNUSED_VARIABLE = YES;
				IPHONEOS_DEPLOYMENT_TARGET = 16.1;
				MTL_ENABLE_DEBUG_INFO = INCLUDE_SOURCE;
				MTL_FAST_MATH = YES;
				ONLY_ACTIVE_ARCH = YES;
				SDKROOT = iphoneos;
				SWIFT_ACTIVE_COMPILATION_CONDITIONS = DEBUG;
				SWIFT_OPTIMIZATION_LEVEL = "-Onone";
			};
			name = Debug;
		};
		FE51931F2989F4C2005FF98C /* Release */ = {
			isa = XCBuildConfiguration;
			buildSettings = {
				ALWAYS_SEARCH_USER_PATHS = NO;
				CLANG_ANALYZER_NONNULL = YES;
				CLANG_ANALYZER_NUMBER_OBJECT_CONVERSION = YES_AGGRESSIVE;
				CLANG_CXX_LANGUAGE_STANDARD = "gnu++20";
				CLANG_ENABLE_MODULES = YES;
				CLANG_ENABLE_OBJC_ARC = YES;
				CLANG_ENABLE_OBJC_WEAK = YES;
				CLANG_WARN_BLOCK_CAPTURE_AUTORELEASING = YES;
				CLANG_WARN_BOOL_CONVERSION = YES;
				CLANG_WARN_COMMA = YES;
				CLANG_WARN_CONSTANT_CONVERSION = YES;
				CLANG_WARN_DEPRECATED_OBJC_IMPLEMENTATIONS = YES;
				CLANG_WARN_DIRECT_OBJC_ISA_USAGE = YES_ERROR;
				CLANG_WARN_DOCUMENTATION_COMMENTS = YES;
				CLANG_WARN_EMPTY_BODY = YES;
				CLANG_WARN_ENUM_CONVERSION = YES;
				CLANG_WARN_INFINITE_RECURSION = YES;
				CLANG_WARN_INT_CONVERSION = YES;
				CLANG_WARN_NON_LITERAL_NULL_CONVERSION = YES;
				CLANG_WARN_OBJC_IMPLICIT_RETAIN_SELF = YES;
				CLANG_WARN_OBJC_LITERAL_CONVERSION = YES;
				CLANG_WARN_OBJC_ROOT_CLASS = YES_ERROR;
				CLANG_WARN_QUOTED_INCLUDE_IN_FRAMEWORK_HEADER = YES;
				CLANG_WARN_RANGE_LOOP_ANALYSIS = YES;
				CLANG_WARN_STRICT_PROTOTYPES = YES;
				CLANG_WARN_SUSPICIOUS_MOVE = YES;
				CLANG_WARN_UNGUARDED_AVAILABILITY = YES_AGGRESSIVE;
				CLANG_WARN_UNREACHABLE_CODE = YES;
				CLANG_WARN__DUPLICATE_METHOD_MATCH = YES;
				COPY_PHASE_STRIP = NO;
				DEBUG_INFORMATION_FORMAT = "dwarf-with-dsym";
				ENABLE_NS_ASSERTIONS = NO;
				ENABLE_STRICT_OBJC_MSGSEND = YES;
				GCC_C_LANGUAGE_STANDARD = gnu11;
				GCC_NO_COMMON_BLOCKS = YES;
				GCC_WARN_64_TO_32_BIT_CONVERSION = YES;
				GCC_WARN_ABOUT_RETURN_TYPE = YES_ERROR;
				GCC_WARN_UNDECLARED_SELECTOR = YES;
				GCC_WARN_UNINITIALIZED_AUTOS = YES_AGGRESSIVE;
				GCC_WARN_UNUSED_FUNCTION = YES;
				GCC_WARN_UNUSED_VARIABLE = YES;
				IPHONEOS_DEPLOYMENT_TARGET = 16.1;
				MTL_ENABLE_DEBUG_INFO = NO;
				MTL_FAST_MATH = YES;
				SDKROOT = iphoneos;
				SWIFT_COMPILATION_MODE = wholemodule;
				SWIFT_OPTIMIZATION_LEVEL = "-O";
				VALIDATE_PRODUCT = YES;
			};
			name = Release;
		};
		FE5193212989F4C2005FF98C /* Debug */ = {
			isa = XCBuildConfiguration;
			buildSettings = {
				ASSETCATALOG_COMPILER_APPICON_NAME = AppIcon;
				ASSETCATALOG_COMPILER_GLOBAL_ACCENT_COLOR_NAME = AccentColor;
				CODE_SIGN_STYLE = Automatic;
				CURRENT_PROJECT_VERSION = 1;
				GENERATE_INFOPLIST_FILE = YES;
				INFOPLIST_FILE = FirstApp/Info.plist;
				INFOPLIST_KEY_UIApplicationSupportsIndirectInputEvents = YES;
				INFOPLIST_KEY_UILaunchStoryboardName = LaunchScreen;
				INFOPLIST_KEY_UIMainStoryboardFile = Main;
				INFOPLIST_KEY_UISupportedInterfaceOrientations_iPad = "UIInterfaceOrientationPortrait UIInterfaceOrientationPortraitUpsideDown UIInterfaceOrientationLandscapeLeft UIInterfaceOrientationLandscapeRight";
				INFOPLIST_KEY_UISupportedInterfaceOrientations_iPhone = "UIInterfaceOrientationPortrait UIInterfaceOrientationLandscapeLeft UIInterfaceOrientationLandscapeRight";
				LD_RUNPATH_SEARCH_PATHS = (
					"$(inherited)",
					"@executable_path/Frameworks",
				);
				MARKETING_VERSION = 1.0;
				PRODUCT_BUNDLE_IDENTIFIER = xyz.kikinacademy.FirstApp;
				PRODUCT_NAME = "$(TARGET_NAME)";
				SWIFT_EMIT_LOC_STRINGS = YES;
				SWIFT_VERSION = 5.0;
				TARGETED_DEVICE_FAMILY = "1,2";
			};
			name = Debug;
		};
		FE5193222989F4C2005FF98C /* Release */ = {
			isa = XCBuildConfiguration;
			buildSettings = {
				ASSETCATALOG_COMPILER_APPICON_NAME = AppIcon;
				ASSETCATALOG_COMPILER_GLOBAL_ACCENT_COLOR_NAME = AccentColor;
				CODE_SIGN_STYLE = Automatic;
				CURRENT_PROJECT_VERSION = 1;
				GENERATE_INFOPLIST_FILE = YES;
				INFOPLIST_FILE = FirstApp/Info.plist;
				INFOPLIST_KEY_UIApplicationSupportsIndirectInputEvents = YES;
				INFOPLIST_KEY_UILaunchStoryboardName = LaunchScreen;
				INFOPLIST_KEY_UIMainStoryboardFile = Main;
				INFOPLIST_KEY_UISupportedInterfaceOrientations_iPad = "UIInterfaceOrientationPortrait UIInterfaceOrientationPortraitUpsideDown UIInterfaceOrientationLandscapeLeft UIInterfaceOrientationLandscapeRight";
				INFOPLIST_KEY_UISupportedInterfaceOrientations_iPhone = "UIInterfaceOrientationPortrait UIInterfaceOrientationLandscapeLeft UIInterfaceOrientationLandscapeRight";
				LD_RUNPATH_SEARCH_PATHS = (
					"$(inherited)",
					"@executable_path/Frameworks",
				);
				MARKETING_VERSION = 1.0;
				PRODUCT_BUNDLE_IDENTIFIER = xyz.kikinacademy.FirstApp;
				PRODUCT_NAME = "$(TARGET_NAME)";
				SWIFT_EMIT_LOC_STRINGS = YES;
				SWIFT_VERSION = 5.0;
				TARGETED_DEVICE_FAMILY = "1,2";
			};
			name = Release;
		};
		FE5193242989F4C2005FF98C /* Debug */ = {
			isa = XCBuildConfiguration;
			buildSettings = {
				ALWAYS_EMBED_SWIFT_STANDARD_LIBRARIES = YES;
				BUNDLE_LOADER = "$(TEST_HOST)";
				CODE_SIGN_STYLE = Automatic;
				CURRENT_PROJECT_VERSION = 1;
				GENERATE_INFOPLIST_FILE = YES;
				IPHONEOS_DEPLOYMENT_TARGET = 16.1;
				MARKETING_VERSION = 1.0;
				PRODUCT_BUNDLE_IDENTIFIER = xyz.kikinacademy.FirstAppTests;
				PRODUCT_NAME = "$(TARGET_NAME)";
				SWIFT_EMIT_LOC_STRINGS = NO;
				SWIFT_VERSION = 5.0;
				TARGETED_DEVICE_FAMILY = "1,2";
				TEST_HOST = "$(BUILT_PRODUCTS_DIR)/FirstApp.app/$(BUNDLE_EXECUTABLE_FOLDER_PATH)/FirstApp";
			};
			name = Debug;
		};
		FE5193252989F4C2005FF98C /* Release */ = {
			isa = XCBuildConfiguration;
			buildSettings = {
				ALWAYS_EMBED_SWIFT_STANDARD_LIBRARIES = YES;
				BUNDLE_LOADER = "$(TEST_HOST)";
				CODE_SIGN_STYLE = Automatic;
				CURRENT_PROJECT_VERSION = 1;
				GENERATE_INFOPLIST_FILE = YES;
				IPHONEOS_DEPLOYMENT_TARGET = 16.1;
				MARKETING_VERSION = 1.0;
				PRODUCT_BUNDLE_IDENTIFIER = xyz.kikinacademy.FirstAppTests;
				PRODUCT_NAME = "$(TARGET_NAME)";
				SWIFT_EMIT_LOC_STRINGS = NO;
				SWIFT_VERSION = 5.0;
				TARGETED_DEVICE_FAMILY = "1,2";
				TEST_HOST = "$(BUILT_PRODUCTS_DIR)/FirstApp.app/$(BUNDLE_EXECUTABLE_FOLDER_PATH)/FirstApp";
			};
			name = Release;
		};
		FE5193272989F4C2005FF98C /* Debug */ = {
			isa = XCBuildConfiguration;
			buildSettings = {
				ALWAYS_EMBED_SWIFT_STANDARD_LIBRARIES = YES;
				CODE_SIGN_STYLE = Automatic;
				CURRENT_PROJECT_VERSION = 1;
				GENERATE_INFOPLIST_FILE = YES;
				MARKETING_VERSION = 1.0;
				PRODUCT_BUNDLE_IDENTIFIER = xyz.kikinacademy.FirstAppUITests;
				PRODUCT_NAME = "$(TARGET_NAME)";
				SWIFT_EMIT_LOC_STRINGS = NO;
				SWIFT_VERSION = 5.0;
				TARGETED_DEVICE_FAMILY = "1,2";
				TEST_TARGET_NAME = FirstApp;
			};
			name = Debug;
		};
		FE5193282989F4C2005FF98C /* Release */ = {
			isa = XCBuildConfiguration;
			buildSettings = {
				ALWAYS_EMBED_SWIFT_STANDARD_LIBRARIES = YES;
				CODE_SIGN_STYLE = Automatic;
				CURRENT_PROJECT_VERSION = 1;
				GENERATE_INFOPLIST_FILE = YES;
				MARKETING_VERSION = 1.0;
				PRODUCT_BUNDLE_IDENTIFIER = xyz.kikinacademy.FirstAppUITests;
				PRODUCT_NAME = "$(TARGET_NAME)";
				SWIFT_EMIT_LOC_STRINGS = NO;
				SWIFT_VERSION = 5.0;
				TARGETED_DEVICE_FAMILY = "1,2";
				TEST_TARGET_NAME = FirstApp;
			};
			name = Release;
		};
/* End XCBuildConfiguration section */

/* Begin XCConfigurationList section */
		FE5192F12989F4C1005FF98C /* Build configuration list for PBXProject "FirstApp" */ = {
			isa = XCConfigurationList;
			buildConfigurations = (
				FE51931E2989F4C2005FF98C /* Debug */,
				FE51931F2989F4C2005FF98C /* Release */,
			);
			defaultConfigurationIsVisible = 0;
			defaultConfigurationName = Release;
		};
		FE5193202989F4C2005FF98C /* Build configuration list for PBXNativeTarget "FirstApp" */ = {
			isa = XCConfigurationList;
			buildConfigurations = (
				FE5193212989F4C2005FF98C /* Debug */,
				FE5193222989F4C2005FF98C /* Release */,
			);
			defaultConfigurationIsVisible = 0;
			defaultConfigurationName = Release;
		};
		FE5193232989F4C2005FF98C /* Build configuration list for PBXNativeTarget "FirstAppTests" */ = {
			isa = XCConfigurationList;
			buildConfigurations = (
				FE5193242989F4C2005FF98C /* Debug */,
				FE5193252989F4C2005FF98C /* Release */,
			);
			defaultConfigurationIsVisible = 0;
			defaultConfigurationName = Release;
		};
		FE5193262989F4C2005FF98C /* Build configuration list for PBXNativeTarget "FirstAppUITests" */ = {
			isa = XCConfigurationList;
			buildConfigurations = (
				FE5193272989F4C2005FF98C /* Debug */,
				FE5193282989F4C2005FF98C /* Release */,
			);
			defaultConfigurationIsVisible = 0;
			defaultConfigurationName = Release;
		};
/* End XCConfigurationList section */
	};
	rootObject = FE5192EE2989F4C1005FF98C /* Project object */;
}
